// !$*UTF8*$!
{
	archiveVersion = 1;
	classes = {
	};
	objectVersion = 48;
	objects = {

/* Begin PBXBuildFile section */
		F94BF9521F731F120067C94D /* AppDelegate.swift in Sources */ = {isa = PBXBuildFile; fileRef = F94BF9511F731F120067C94D /* AppDelegate.swift */; };
		F94BF9541F731F120067C94D /* ViewController.swift in Sources */ = {isa = PBXBuildFile; fileRef = F94BF9531F731F120067C94D /* ViewController.swift */; };
		F94BF9571F731F120067C94D /* Main.storyboard in Resources */ = {isa = PBXBuildFile; fileRef = F94BF9551F731F120067C94D /* Main.storyboard */; };
		F94BF9591F731F120067C94D /* Assets.xcassets in Resources */ = {isa = PBXBuildFile; fileRef = F94BF9581F731F120067C94D /* Assets.xcassets */; };
		F94BF95C1F731F120067C94D /* LaunchScreen.storyboard in Resources */ = {isa = PBXBuildFile; fileRef = F94BF95A1F731F120067C94D /* LaunchScreen.storyboard */; };
		F94BF9651F731F610067C94D /* Product.swift in Sources */ = {isa = PBXBuildFile; fileRef = F94BF9641F731F610067C94D /* Product.swift */; };
		F9D714741F76F8FD00126D74 /* CommentsTableViewController.swift in Sources */ = {isa = PBXBuildFile; fileRef = F9D714731F76F8FD00126D74 /* CommentsTableViewController.swift */; };
		F9D714781F7701F400126D74 /* UIImageView+Extension.swift in Sources */ = {isa = PBXBuildFile; fileRef = F9D714771F7701F400126D74 /* UIImageView+Extension.swift */; };
		F9D714791F77187500126D74 /* phdefault.jpg in Resources */ = {isa = PBXBuildFile; fileRef = F9D714751F77012C00126D74 /* phdefault.jpg */; };
		F9D7147B1F77206D00126D74 /* Comment.swift in Sources */ = {isa = PBXBuildFile; fileRef = F9D7147A1F77206D00126D74 /* Comment.swift */; };
		F9FC63BD1F7AD8240088733E /* Networking.swift in Sources */ = {isa = PBXBuildFile; fileRef = F9FC63BC1F7AD8240088733E /* Networking.swift */; };
		F9FC63BF1F7ADB020088733E /* singleton.swift in Sources */ = {isa = PBXBuildFile; fileRef = F9FC63BE1F7ADB020088733E /* singleton.swift */; };
/* End PBXBuildFile section */

/* Begin PBXFileReference section */
		F94BF94E1F731F120067C94D /* ProductHuntApi.app */ = {isa = PBXFileReference; explicitFileType = wrapper.application; includeInIndex = 0; path = ProductHuntApi.app; sourceTree = BUILT_PRODUCTS_DIR; };
		F94BF9511F731F120067C94D /* AppDelegate.swift */ = {isa = PBXFileReference; lastKnownFileType = sourcecode.swift; path = AppDelegate.swift; sourceTree = "<group>"; };
		F94BF9531F731F120067C94D /* ViewController.swift */ = {isa = PBXFileReference; lastKnownFileType = sourcecode.swift; path = ViewController.swift; sourceTree = "<group>"; };
		F94BF9561F731F120067C94D /* Base */ = {isa = PBXFileReference; lastKnownFileType = file.storyboard; name = Base; path = Base.lproj/Main.storyboard; sourceTree = "<group>"; };
		F94BF9581F731F120067C94D /* Assets.xcassets */ = {isa = PBXFileReference; lastKnownFileType = folder.assetcatalog; path = Assets.xcassets; sourceTree = "<group>"; };
		F94BF95B1F731F120067C94D /* Base */ = {isa = PBXFileReference; lastKnownFileType = file.storyboard; name = Base; path = Base.lproj/LaunchScreen.storyboard; sourceTree = "<group>"; };
		F94BF95D1F731F120067C94D /* Info.plist */ = {isa = PBXFileReference; lastKnownFileType = text.plist.xml; path = Info.plist; sourceTree = "<group>"; };
		F94BF9641F731F610067C94D /* Product.swift */ = {isa = PBXFileReference; lastKnownFileType = sourcecode.swift; path = Product.swift; sourceTree = "<group>"; };
		F9D714731F76F8FD00126D74 /* CommentsTableViewController.swift */ = {isa = PBXFileReference; lastKnownFileType = sourcecode.swift; path = CommentsTableViewController.swift; sourceTree = "<group>"; };
		F9D714751F77012C00126D74 /* phdefault.jpg */ = {isa = PBXFileReference; lastKnownFileType = image.jpeg; path = phdefault.jpg; sourceTree = "<group>"; };
		F9D714771F7701F400126D74 /* UIImageView+Extension.swift */ = {isa = PBXFileReference; lastKnownFileType = sourcecode.swift; path = "UIImageView+Extension.swift"; sourceTree = "<group>"; };
		F9D7147A1F77206D00126D74 /* Comment.swift */ = {isa = PBXFileReference; lastKnownFileType = sourcecode.swift; path = Comment.swift; sourceTree = "<group>"; };
		F9FC63BC1F7AD8240088733E /* Networking.swift */ = {isa = PBXFileReference; lastKnownFileType = sourcecode.swift; name = Networking.swift; path = ProductHuntApi/Networking.swift; sourceTree = SOURCE_ROOT; };
		F9FC63BE1F7ADB020088733E /* singleton.swift */ = {isa = PBXFileReference; lastKnownFileType = sourcecode.swift; path = singleton.swift; sourceTree = "<group>"; };
/* End PBXFileReference section */

/* Begin PBXFrameworksBuildPhase section */
		F94BF94B1F731F120067C94D /* Frameworks */ = {
			isa = PBXFrameworksBuildPhase;
			buildActionMask = 2147483647;
			files = (
			);
			runOnlyForDeploymentPostprocessing = 0;
		};
/* End PBXFrameworksBuildPhase section */

/* Begin PBXGroup section */
		F94BF9451F731F120067C94D = {
			isa = PBXGroup;
			children = (
				F94BF9501F731F120067C94D /* ProductHuntApi */,
				F94BF94F1F731F120067C94D /* Products */,
			);
			sourceTree = "<group>";
		};
		F94BF94F1F731F120067C94D /* Products */ = {
			isa = PBXGroup;
			children = (
				F94BF94E1F731F120067C94D /* ProductHuntApi.app */,
			);
			name = Products;
			sourceTree = "<group>";
		};
		F94BF9501F731F120067C94D /* ProductHuntApi */ = {
			isa = PBXGroup;
			children = (
				F94BF9631F731F3A0067C94D /* Model */,
				F94BF9511F731F120067C94D /* AppDelegate.swift */,
				F9FC63BC1F7AD8240088733E /* Networking.swift */,
				F94BF9531F731F120067C94D /* ViewController.swift */,
				F9D714731F76F8FD00126D74 /* CommentsTableViewController.swift */,
				F94BF9551F731F120067C94D /* Main.storyboard */,
				F94BF9581F731F120067C94D /* Assets.xcassets */,
				F94BF95A1F731F120067C94D /* LaunchScreen.storyboard */,
				F9FC63BE1F7ADB020088733E /* singleton.swift */,
				F94BF95D1F731F120067C94D /* Info.plist */,
				F9D714751F77012C00126D74 /* phdefault.jpg */,
				F9D714761F77013900126D74 /* Extensions */,
			);
			path = ProductHuntApi;
			sourceTree = "<group>";
		};
		F94BF9631F731F3A0067C94D /* Model */ = {
			isa = PBXGroup;
			children = (
				F94BF9641F731F610067C94D /* Product.swift */,
				F9D7147A1F77206D00126D74 /* Comment.swift */,
			);
			path = Model;
			sourceTree = "<group>";
		};
		F9D714761F77013900126D74 /* Extensions */ = {
			isa = PBXGroup;
			children = (
				F9D714771F7701F400126D74 /* UIImageView+Extension.swift */,
			);
			path = Extensions;
			sourceTree = "<group>";
		};
/* End PBXGroup section */

/* Begin PBXNativeTarget section */
		F94BF94D1F731F120067C94D /* ProductHuntApi */ = {
			isa = PBXNativeTarget;
			buildConfigurationList = F94BF9601F731F120067C94D /* Build configuration list for PBXNativeTarget "ProductHuntApi" */;
			buildPhases = (
				F94BF94A1F731F120067C94D /* Sources */,
				F94BF94B1F731F120067C94D /* Frameworks */,
				F94BF94C1F731F120067C94D /* Resources */,
			);
			buildRules = (
			);
			dependencies = (
			);
			name = ProductHuntApi;
			productName = ProductHuntApi;
			productReference = F94BF94E1F731F120067C94D /* ProductHuntApi.app */;
			productType = "com.apple.product-type.application";
		};
/* End PBXNativeTarget section */

/* Begin PBXProject section */
		F94BF9461F731F120067C94D /* Project object */ = {
			isa = PBXProject;
			attributes = {
				LastSwiftUpdateCheck = 0900;
				LastUpgradeCheck = 0900;
				ORGANIZATIONNAME = "Sky Xu";
				TargetAttributes = {
					F94BF94D1F731F120067C94D = {
						CreatedOnToolsVersion = 9.0;
						ProvisioningStyle = Automatic;
					};
				};
			};
			buildConfigurationList = F94BF9491F731F120067C94D /* Build configuration list for PBXProject "ProductHuntApi" */;
			compatibilityVersion = "Xcode 8.0";
			developmentRegion = en;
			hasScannedForEncodings = 0;
			knownRegions = (
				en,
				Base,
			);
			mainGroup = F94BF9451F731F120067C94D;
			productRefGroup = F94BF94F1F731F120067C94D /* Products */;
			projectDirPath = "";
			projectRoot = "";
			targets = (
				F94BF94D1F731F120067C94D /* ProductHuntApi */,
			);
		};
/* End PBXProject section */

/* Begin PBXResourcesBuildPhase section */
		F94BF94C1F731F120067C94D /* Resources */ = {
			isa = PBXResourcesBuildPhase;
			buildActionMask = 2147483647;
			files = (
				F94BF95C1F731F120067C94D /* LaunchScreen.storyboard in Resources */,
				F9D714791F77187500126D74 /* phdefault.jpg in Resources */,
				F94BF9591F731F120067C94D /* Assets.xcassets in Resources */,
				F94BF9571F731F120067C94D /* Main.storyboard in Resources */,
			);
			runOnlyForDeploymentPostprocessing = 0;
		};
/* End PBXResourcesBuildPhase section */

/* Begin PBXSourcesBuildPhase section */
		F94BF94A1F731F120067C94D /* Sources */ = {
			isa = PBXSourcesBuildPhase;
			buildActionMask = 2147483647;
			files = (
				F9D714781F7701F400126D74 /* UIImageView+Extension.swift in Sources */,
				F9D7147B1F77206D00126D74 /* Comment.swift in Sources */,
				F94BF9541F731F120067C94D /* ViewController.swift in Sources */,
				F94BF9521F731F120067C94D /* AppDelegate.swift in Sources */,
				F94BF9651F731F610067C94D /* Product.swift in Sources */,
				F9FC63BF1F7ADB020088733E /* singleton.swift in Sources */,
				F9FC63BD1F7AD8240088733E /* Networking.swift in Sources */,
				F9D714741F76F8FD00126D74 /* CommentsTableViewController.swift in Sources */,
			);
			runOnlyForDeploymentPostprocessing = 0;
		};
/* End PBXSourcesBuildPhase section */

/* Begin PBXVariantGroup section */
		F94BF9551F731F120067C94D /* Main.storyboard */ = {
			isa = PBXVariantGroup;
			children = (
				F94BF9561F731F120067C94D /* Base */,
			);
			name = Main.storyboard;
			sourceTree = "<group>";
		};
		F94BF95A1F731F120067C94D /* LaunchScreen.storyboard */ = {
			isa = PBXVariantGroup;
			children = (
				F94BF95B1F731F120067C94D /* Base */,
			);
			name = LaunchScreen.storyboard;
			sourceTree = "<group>";
		};
/* End PBXVariantGroup section */

/* Begin XCBuildConfiguration section */
		F94BF95E1F731F120067C94D /* Debug */ = {
			isa = XCBuildConfiguration;
			buildSettings = {
				ALWAYS_SEARCH_USER_PATHS = NO;
				CLANG_ANALYZER_NONNULL = YES;
				CLANG_ANALYZER_NUMBER_OBJECT_CONVERSION = YES_AGGRESSIVE;
				CLANG_CXX_LANGUAGE_STANDARD = "gnu++14";
				CLANG_CXX_LIBRARY = "libc++";
				CLANG_ENABLE_MODULES = YES;
				CLANG_ENABLE_OBJC_ARC = YES;
				CLANG_WARN_BLOCK_CAPTURE_AUTORELEASING = YES;
				CLANG_WARN_BOOL_CONVERSION = YES;
				CLANG_WARN_COMMA = YES;
				CLANG_WARN_CONSTANT_CONVERSION = YES;
				CLANG_WARN_DIRECT_OBJC_ISA_USAGE = YES_ERROR;
				CLANG_WARN_DOCUMENTATION_COMMENTS = YES;
				CLANG_WARN_EMPTY_BODY = YES;
				CLANG_WARN_ENUM_CONVERSION = YES;
				CLANG_WARN_INFINITE_RECURSION = YES;
				CLANG_WARN_INT_CONVERSION = YES;
				CLANG_WARN_NON_LITERAL_NULL_CONVERSION = YES;
				CLANG_WARN_OBJC_LITERAL_CONVERSION = YES;
				CLANG_WARN_OBJC_ROOT_CLASS = YES_ERROR;
				CLANG_WARN_RANGE_LOOP_ANALYSIS = YES;
				CLANG_WARN_STRICT_PROTOTYPES = YES;
				CLANG_WARN_SUSPICIOUS_MOVE = YES;
				CLANG_WARN_UNGUARDED_AVAILABILITY = YES_AGGRESSIVE;
				CLANG_WARN_UNREACHABLE_CODE = YES;
				CLANG_WARN__DUPLICATE_METHOD_MATCH = YES;
				CODE_SIGN_IDENTITY = "iPhone Developer";
				COPY_PHASE_STRIP = NO;
				DEBUG_INFORMATION_FORMAT = dwarf;
				ENABLE_STRICT_OBJC_MSGSEND = YES;
				ENABLE_TESTABILITY = YES;
				GCC_C_LANGUAGE_STANDARD = gnu11;
				GCC_DYNAMIC_NO_PIC = NO;
				GCC_NO_COMMON_BLOCKS = YES;
				GCC_OPTIMIZATION_LEVEL = 0;
				GCC_PREPROCESSOR_DEFINITIONS = (
					"DEBUG=1",
					"$(inherited)",
				);
				GCC_WARN_64_TO_32_BIT_CONVERSION = YES;
				GCC_WARN_ABOUT_RETURN_TYPE = YES_ERROR;
				GCC_WARN_UNDECLARED_SELECTOR = YES;
				GCC_WARN_UNINITIALIZED_AUTOS = YES_AGGRESSIVE;
				GCC_WARN_UNUSED_FUNCTION = YES;
				GCC_WARN_UNUSED_VARIABLE = YES;
				IPHONEOS_DEPLOYMENT_TARGET = 11.0;
				MTL_ENABLE_DEBUG_INFO = YES;
				ONLY_ACTIVE_ARCH = YES;
				SDKROOT = iphoneos;
				SWIFT_ACTIVE_COMPILATION_CONDITIONS = DEBUG;
				SWIFT_OPTIMIZATION_LEVEL = "-Onone";
			};
			name = Debug;
		};
		F94BF95F1F731F120067C94D /* Release */ = {
			isa = XCBuildConfiguration;
			buildSettings = {
				ALWAYS_SEARCH_USER_PATHS = NO;
				CLANG_ANALYZER_NONNULL = YES;
				CLANG_ANALYZER_NUMBER_OBJECT_CONVERSION = YES_AGGRESSIVE;
				CLANG_CXX_LANGUAGE_STANDARD = "gnu++14";
				CLANG_CXX_LIBRARY = "libc++";
				CLANG_ENABLE_MODULES = YES;
				CLANG_ENABLE_OBJC_ARC = YES;
				CLANG_WARN_BLOCK_CAPTURE_AUTORELEASING = YES;
				CLANG_WARN_BOOL_CONVERSION = YES;
				CLANG_WARN_COMMA = YES;
				CLANG_WARN_CONSTANT_CONVERSION = YES;
				CLANG_WARN_DIRECT_OBJC_ISA_USAGE = YES_ERROR;
				CLANG_WARN_DOCUMENTATION_COMMENTS = YES;
				CLANG_WARN_EMPTY_BODY = YES;
				CLANG_WARN_ENUM_CONVERSION = YES;
				CLANG_WARN_INFINITE_RECURSION = YES;
				CLANG_WARN_INT_CONVERSION = YES;
				CLANG_WARN_NON_LITERAL_NULL_CONVERSION = YES;
				CLANG_WARN_OBJC_LITERAL_CONVERSION = YES;
				CLANG_WARN_OBJC_ROOT_CLASS = YES_ERROR;
				CLANG_WARN_RANGE_LOOP_ANALYSIS = YES;
				CLANG_WARN_STRICT_PROTOTYPES = YES;
				CLANG_WARN_SUSPICIOUS_MOVE = YES;
				CLANG_WARN_UNGUARDED_AVAILABILITY = YES_AGGRESSIVE;
				CLANG_WARN_UNREACHABLE_CODE = YES;
				CLANG_WARN__DUPLICATE_METHOD_MATCH = YES;
				CODE_SIGN_IDENTITY = "iPhone Developer";
				COPY_PHASE_STRIP = NO;
				DEBUG_INFORMATION_FORMAT = "dwarf-with-dsym";
				ENABLE_NS_ASSERTIONS = NO;
				ENABLE_STRICT_OBJC_MSGSEND = YES;
				GCC_C_LANGUAGE_STANDARD = gnu11;
				GCC_NO_COMMON_BLOCKS = YES;
				GCC_WARN_64_TO_32_BIT_CONVERSION = YES;
				GCC_WARN_ABOUT_RETURN_TYPE = YES_ERROR;
				GCC_WARN_UNDECLARED_SELECTOR = YES;
				GCC_WARN_UNINITIALIZED_AUTOS = YES_AGGRESSIVE;
				GCC_WARN_UNUSED_FUNCTION = YES;
				GCC_WARN_UNUSED_VARIABLE = YES;
				IPHONEOS_DEPLOYMENT_TARGET = 11.0;
				MTL_ENABLE_DEBUG_INFO = NO;
				SDKROOT = iphoneos;
				SWIFT_OPTIMIZATION_LEVEL = "-Owholemodule";
				VALIDATE_PRODUCT = YES;
			};
			name = Release;
		};
		F94BF9611F731F120067C94D /* Debug */ = {
			isa = XCBuildConfiguration;
			buildSettings = {
				ASSETCATALOG_COMPILER_APPICON_NAME = AppIcon;
				CODE_SIGN_STYLE = Automatic;
				DEVELOPMENT_TEAM = 2CL75PM5U8;
				INFOPLIST_FILE = ProductHuntApi/Info.plist;
				LD_RUNPATH_SEARCH_PATHS = "$(inherited) @executable_path/Frameworks";
				PRODUCT_BUNDLE_IDENTIFIER = com.sky.ProductHuntApi;
				PRODUCT_NAME = "$(TARGET_NAME)";
				SWIFT_VERSION = 4.0;
				TARGETED_DEVICE_FAMILY = "1,2";
			};
			name = Debug;
		};
		F94BF9621F731F120067C94D /* Release */ = {
			isa = XCBuildConfiguration;
			buildSettings = {
				ASSETCATALOG_COMPILER_APPICON_NAME = AppIcon;
				CODE_SIGN_STYLE = Automatic;
				DEVELOPMENT_TEAM = 2CL75PM5U8;
				INFOPLIST_FILE = ProductHuntApi/Info.plist;
				LD_RUNPATH_SEARCH_PATHS = "$(inherited) @executable_path/Frameworks";
				PRODUCT_BUNDLE_IDENTIFIER = com.sky.ProductHuntApi;
				PRODUCT_NAME = "$(TARGET_NAME)";
				SWIFT_VERSION = 4.0;
				TARGETED_DEVICE_FAMILY = "1,2";
			};
			name = Release;
		};
/* End XCBuildConfiguration section */

/* Begin XCConfigurationList section */
		F94BF9491F731F120067C94D /* Build configuration list for PBXProject "ProductHuntApi" */ = {
			isa = XCConfigurationList;
			buildConfigurations = (
				F94BF95E1F731F120067C94D /* Debug */,
				F94BF95F1F731F120067C94D /* Release */,
			);
			defaultConfigurationIsVisible = 0;
			defaultConfigurationName = Release;
		};
		F94BF9601F731F120067C94D /* Build configuration list for PBXNativeTarget "ProductHuntApi" */ = {
			isa = XCConfigurationList;
			buildConfigurations = (
				F94BF9611F731F120067C94D /* Debug */,
				F94BF9621F731F120067C94D /* Release */,
			);
			defaultConfigurationIsVisible = 0;
			defaultConfigurationName = Release;
		};
/* End XCConfigurationList section */
	};
	rootObject = F94BF9461F731F120067C94D /* Project object */;
}
